// !$*UTF8*$!
{
	archiveVersion = 1;
	classes = {
	};
	objectVersion = 56;
	objects = {

/* Begin PBXBuildFile section */
		B70107952BADC04B006A07A6 /* FestivalBenevole.swift in Sources */ = {isa = PBXBuildFile; fileRef = B70107942BADC04B006A07A6 /* FestivalBenevole.swift */; };
		B70107982BADC2F2006A07A6 /* FestivalViewModel.swift in Sources */ = {isa = PBXBuildFile; fileRef = B70107972BADC2F2006A07A6 /* FestivalViewModel.swift */; };
		B701079A2BADC306006A07A6 /* FestivalState.swift in Sources */ = {isa = PBXBuildFile; fileRef = B70107992BADC306006A07A6 /* FestivalState.swift */; };
		B719CA262BA89D650050F196 /* SignupViewModel.swift in Sources */ = {isa = PBXBuildFile; fileRef = B719CA252BA89D650050F196 /* SignupViewModel.swift */; };
		B719CA282BA89E3C0050F196 /* SignupState.swift in Sources */ = {isa = PBXBuildFile; fileRef = B719CA272BA89E3C0050F196 /* SignupState.swift */; };
		B719CA2B2BAA3BDD0050F196 /* HomeView.swift in Sources */ = {isa = PBXBuildFile; fileRef = B719CA2A2BAA3BDD0050F196 /* HomeView.swift */; };
		B73D8D402BA4C09B000CADC6 /* README.md in Resources */ = {isa = PBXBuildFile; fileRef = B73D8D2C2BA4C09B000CADC6 /* README.md */; };
		B73D8D4E2BA4C09B000CADC6 /* LICENSE in Resources */ = {isa = PBXBuildFile; fileRef = B73D8D3F2BA4C09B000CADC6 /* LICENSE */; };
		B73D8DD12BA4CBE9000CADC6 /* HoraireView.swift in Sources */ = {isa = PBXBuildFile; fileRef = B73D8DBF2BA4CBE9000CADC6 /* HoraireView.swift */; };
		B73D8DD22BA4CBE9000CADC6 /* HoraireViewModel.swift in Sources */ = {isa = PBXBuildFile; fileRef = B73D8DC02BA4CBE9000CADC6 /* HoraireViewModel.swift */; };
		B73D8DD32BA4CBEA000CADC6 /* LoginState.swift in Sources */ = {isa = PBXBuildFile; fileRef = B73D8DC22BA4CBE9000CADC6 /* LoginState.swift */; };
		B73D8DD42BA4CBEA000CADC6 /* LoginView.swift in Sources */ = {isa = PBXBuildFile; fileRef = B73D8DC32BA4CBE9000CADC6 /* LoginView.swift */; };
		B73D8DD52BA4CBEA000CADC6 /* LoginViewModel.swift in Sources */ = {isa = PBXBuildFile; fileRef = B73D8DC42BA4CBE9000CADC6 /* LoginViewModel.swift */; };
		B73D8DD62BA4CBEA000CADC6 /* Preview Assets.xcassets in Resources */ = {isa = PBXBuildFile; fileRef = B73D8DC62BA4CBE9000CADC6 /* Preview Assets.xcassets */; };
		B73D8DD82BA4CBEA000CADC6 /* logoFdJ.jpg in Resources */ = {isa = PBXBuildFile; fileRef = B73D8DC92BA4CBE9000CADC6 /* logoFdJ.jpg */; };
		B73D8DD92BA4CBEA000CADC6 /* Assets.xcassets in Resources */ = {isa = PBXBuildFile; fileRef = B73D8DCB2BA4CBE9000CADC6 /* Assets.xcassets */; };
		B73D8DDB2BA4CBEA000CADC6 /* ig4_awi_mobile_appApp.swift in Sources */ = {isa = PBXBuildFile; fileRef = B73D8DCD2BA4CBE9000CADC6 /* ig4_awi_mobile_appApp.swift */; };
		B73D8DDC2BA4CBEA000CADC6 /* JSONHelper.swift in Sources */ = {isa = PBXBuildFile; fileRef = B73D8DCE2BA4CBE9000CADC6 /* JSONHelper.swift */; };
		B73D8DDD2BA4CBEA000CADC6 /* Router.swift in Sources */ = {isa = PBXBuildFile; fileRef = B73D8DCF2BA4CBE9000CADC6 /* Router.swift */; };
		B77E8A2C2BAB48E500180487 /* planning.png in Resources */ = {isa = PBXBuildFile; fileRef = B77E8A292BAB48E500180487 /* planning.png */; };
		B77E8A2D2BAB48E500180487 /* accueil.png in Resources */ = {isa = PBXBuildFile; fileRef = B77E8A2A2BAB48E500180487 /* accueil.png */; };
		B77E8A2E2BAB48E500180487 /* user.png in Resources */ = {isa = PBXBuildFile; fileRef = B77E8A2B2BAB48E500180487 /* user.png */; };
		B77E8A312BAB966C00180487 /* PlanningView.swift in Sources */ = {isa = PBXBuildFile; fileRef = B77E8A302BAB966C00180487 /* PlanningView.swift */; };
		B77E8A342BAB97BF00180487 /* Navbar.swift in Sources */ = {isa = PBXBuildFile; fileRef = B77E8A332BAB97BF00180487 /* Navbar.swift */; };
		B77F75B32BA74B9000F45B32 /* Benevole.swift in Sources */ = {isa = PBXBuildFile; fileRef = B77F75B22BA74B9000F45B32 /* Benevole.swift */; };
		B77F75B62BA74D9A00F45B32 /* SignupView.swift in Sources */ = {isa = PBXBuildFile; fileRef = B77F75B52BA74D9A00F45B32 /* SignupView.swift */; };
		B7800CEB2BAC412300EF103C /* FestivalRegisterView.swift in Sources */ = {isa = PBXBuildFile; fileRef = B7800CEA2BAC412300EF103C /* FestivalRegisterView.swift */; };
		B7800CED2BAC43DB00EF103C /* FestivalRegisterState.swift in Sources */ = {isa = PBXBuildFile; fileRef = B7800CEC2BAC43DB00EF103C /* FestivalRegisterState.swift */; };
		B7800CEF2BAC43ED00EF103C /* FestivalRegisterViewModel.swift in Sources */ = {isa = PBXBuildFile; fileRef = B7800CEE2BAC43ED00EF103C /* FestivalRegisterViewModel.swift */; };
		B7AFC4312BA5F2FD0012F37B /* logo_vectorise.jpg in Resources */ = {isa = PBXBuildFile; fileRef = B7AFC4302BA5F2FD0012F37B /* logo_vectorise.jpg */; };
		B7CD02D92BB04F2B00C63738 /* InscriptionBenevoleCount.swift in Sources */ = {isa = PBXBuildFile; fileRef = B7CD02D82BB04F2B00C63738 /* InscriptionBenevoleCount.swift */; };
		B7CD02DB2BB092DE00C63738 /* MonInscriptionBenevole.swift in Sources */ = {isa = PBXBuildFile; fileRef = B7CD02DA2BB092DE00C63738 /* MonInscriptionBenevole.swift */; };
		B7D934652BACB74600BA5180 /* Festival.swift in Sources */ = {isa = PBXBuildFile; fileRef = B7D934642BACB74600BA5180 /* Festival.swift */; };
		B7DD50062BB0BA58006B5294 /* Binding.swift in Sources */ = {isa = PBXBuildFile; fileRef = B7DD50052BB0BA58006B5294 /* Binding.swift */; };
		B7E2AFDF2BAF5CB200B37823 /* CreneauHoraireState.swift in Sources */ = {isa = PBXBuildFile; fileRef = B7E2AFDE2BAF5CB200B37823 /* CreneauHoraireState.swift */; };
		B7E2AFE12BAF5CD100B37823 /* CreneauHoraireService.swift in Sources */ = {isa = PBXBuildFile; fileRef = B7E2AFE02BAF5CD100B37823 /* CreneauHoraireService.swift */; };
		B7E2AFE32BAF5D0500B37823 /* CreneauHoraireView.swift in Sources */ = {isa = PBXBuildFile; fileRef = B7E2AFE22BAF5D0500B37823 /* CreneauHoraireView.swift */; };
		B7E2AFE52BAF6AEC00B37823 /* PlanningViewModel.swift in Sources */ = {isa = PBXBuildFile; fileRef = B7E2AFE42BAF6AEC00B37823 /* PlanningViewModel.swift */; };
		B7E2AFE72BAF6B3E00B37823 /* PlanningState.swift in Sources */ = {isa = PBXBuildFile; fileRef = B7E2AFE62BAF6B3E00B37823 /* PlanningState.swift */; };
		B7E2AFE92BAF6C2500B37823 /* Poste.swift in Sources */ = {isa = PBXBuildFile; fileRef = B7E2AFE82BAF6C2500B37823 /* Poste.swift */; };
		B7E2AFEB2BAF6CC100B37823 /* InscriptionBenevole.swift in Sources */ = {isa = PBXBuildFile; fileRef = B7E2AFEA2BAF6CC100B37823 /* InscriptionBenevole.swift */; };
		B7E2AFED2BAF6D4F00B37823 /* CreneauHoraire.swift in Sources */ = {isa = PBXBuildFile; fileRef = B7E2AFEC2BAF6D4F00B37823 /* CreneauHoraire.swift */; };
/* End PBXBuildFile section */

/* Begin PBXFileReference section */
		B70107942BADC04B006A07A6 /* FestivalBenevole.swift */ = {isa = PBXFileReference; lastKnownFileType = sourcecode.swift; path = FestivalBenevole.swift; sourceTree = "<group>"; };
		B70107972BADC2F2006A07A6 /* FestivalViewModel.swift */ = {isa = PBXFileReference; lastKnownFileType = sourcecode.swift; path = FestivalViewModel.swift; sourceTree = "<group>"; };
		B70107992BADC306006A07A6 /* FestivalState.swift */ = {isa = PBXFileReference; lastKnownFileType = sourcecode.swift; path = FestivalState.swift; sourceTree = "<group>"; };
		B719CA252BA89D650050F196 /* SignupViewModel.swift */ = {isa = PBXFileReference; lastKnownFileType = sourcecode.swift; path = SignupViewModel.swift; sourceTree = "<group>"; };
		B719CA272BA89E3C0050F196 /* SignupState.swift */ = {isa = PBXFileReference; lastKnownFileType = sourcecode.swift; path = SignupState.swift; sourceTree = "<group>"; };
		B719CA2A2BAA3BDD0050F196 /* HomeView.swift */ = {isa = PBXFileReference; lastKnownFileType = sourcecode.swift; path = HomeView.swift; sourceTree = "<group>"; };
		B73D8D1B2BA4BC10000CADC6 /* test.app */ = {isa = PBXFileReference; explicitFileType = wrapper.application; includeInIndex = 0; path = test.app; sourceTree = BUILT_PRODUCTS_DIR; };
		B73D8D2C2BA4C09B000CADC6 /* README.md */ = {isa = PBXFileReference; fileEncoding = 4; lastKnownFileType = net.daringfireball.markdown; path = README.md; sourceTree = "<group>"; };
		B73D8D3F2BA4C09B000CADC6 /* LICENSE */ = {isa = PBXFileReference; fileEncoding = 4; lastKnownFileType = text; path = LICENSE; sourceTree = "<group>"; };
		B73D8DBF2BA4CBE9000CADC6 /* HoraireView.swift */ = {isa = PBXFileReference; fileEncoding = 4; lastKnownFileType = sourcecode.swift; path = HoraireView.swift; sourceTree = "<group>"; };
		B73D8DC02BA4CBE9000CADC6 /* HoraireViewModel.swift */ = {isa = PBXFileReference; fileEncoding = 4; lastKnownFileType = sourcecode.swift; path = HoraireViewModel.swift; sourceTree = "<group>"; };
		B73D8DC22BA4CBE9000CADC6 /* LoginState.swift */ = {isa = PBXFileReference; fileEncoding = 4; lastKnownFileType = sourcecode.swift; path = LoginState.swift; sourceTree = "<group>"; };
		B73D8DC32BA4CBE9000CADC6 /* LoginView.swift */ = {isa = PBXFileReference; fileEncoding = 4; lastKnownFileType = sourcecode.swift; path = LoginView.swift; sourceTree = "<group>"; };
		B73D8DC42BA4CBE9000CADC6 /* LoginViewModel.swift */ = {isa = PBXFileReference; fileEncoding = 4; lastKnownFileType = sourcecode.swift; path = LoginViewModel.swift; sourceTree = "<group>"; };
		B73D8DC62BA4CBE9000CADC6 /* Preview Assets.xcassets */ = {isa = PBXFileReference; lastKnownFileType = folder.assetcatalog; path = "Preview Assets.xcassets"; sourceTree = "<group>"; };
		B73D8DC92BA4CBE9000CADC6 /* logoFdJ.jpg */ = {isa = PBXFileReference; lastKnownFileType = image.jpeg; path = logoFdJ.jpg; sourceTree = "<group>"; };
		B73D8DCB2BA4CBE9000CADC6 /* Assets.xcassets */ = {isa = PBXFileReference; lastKnownFileType = folder.assetcatalog; path = Assets.xcassets; sourceTree = "<group>"; };
		B73D8DCD2BA4CBE9000CADC6 /* ig4_awi_mobile_appApp.swift */ = {isa = PBXFileReference; fileEncoding = 4; lastKnownFileType = sourcecode.swift; path = ig4_awi_mobile_appApp.swift; sourceTree = "<group>"; };
		B73D8DCE2BA4CBE9000CADC6 /* JSONHelper.swift */ = {isa = PBXFileReference; fileEncoding = 4; lastKnownFileType = sourcecode.swift; path = JSONHelper.swift; sourceTree = "<group>"; };
		B73D8DCF2BA4CBE9000CADC6 /* Router.swift */ = {isa = PBXFileReference; fileEncoding = 4; lastKnownFileType = sourcecode.swift; path = Router.swift; sourceTree = "<group>"; };
		B77E8A292BAB48E500180487 /* planning.png */ = {isa = PBXFileReference; lastKnownFileType = image.png; path = planning.png; sourceTree = "<group>"; };
		B77E8A2A2BAB48E500180487 /* accueil.png */ = {isa = PBXFileReference; lastKnownFileType = image.png; path = accueil.png; sourceTree = "<group>"; };
		B77E8A2B2BAB48E500180487 /* user.png */ = {isa = PBXFileReference; lastKnownFileType = image.png; path = user.png; sourceTree = "<group>"; };
		B77E8A302BAB966C00180487 /* PlanningView.swift */ = {isa = PBXFileReference; lastKnownFileType = sourcecode.swift; path = PlanningView.swift; sourceTree = "<group>"; };
		B77E8A332BAB97BF00180487 /* Navbar.swift */ = {isa = PBXFileReference; lastKnownFileType = sourcecode.swift; path = Navbar.swift; sourceTree = "<group>"; };
		B77F75B22BA74B9000F45B32 /* Benevole.swift */ = {isa = PBXFileReference; lastKnownFileType = sourcecode.swift; path = Benevole.swift; sourceTree = "<group>"; };
		B77F75B52BA74D9A00F45B32 /* SignupView.swift */ = {isa = PBXFileReference; lastKnownFileType = sourcecode.swift; path = SignupView.swift; sourceTree = "<group>"; };
		B7800CEA2BAC412300EF103C /* FestivalRegisterView.swift */ = {isa = PBXFileReference; lastKnownFileType = sourcecode.swift; path = FestivalRegisterView.swift; sourceTree = "<group>"; };
		B7800CEC2BAC43DB00EF103C /* FestivalRegisterState.swift */ = {isa = PBXFileReference; lastKnownFileType = sourcecode.swift; path = FestivalRegisterState.swift; sourceTree = "<group>"; };
		B7800CEE2BAC43ED00EF103C /* FestivalRegisterViewModel.swift */ = {isa = PBXFileReference; lastKnownFileType = sourcecode.swift; path = FestivalRegisterViewModel.swift; sourceTree = "<group>"; };
		B7AFC4302BA5F2FD0012F37B /* logo_vectorise.jpg */ = {isa = PBXFileReference; lastKnownFileType = image.jpeg; path = logo_vectorise.jpg; sourceTree = "<group>"; };
		B7CD02D82BB04F2B00C63738 /* InscriptionBenevoleCount.swift */ = {isa = PBXFileReference; lastKnownFileType = sourcecode.swift; path = InscriptionBenevoleCount.swift; sourceTree = "<group>"; };
		B7CD02DA2BB092DE00C63738 /* MonInscriptionBenevole.swift */ = {isa = PBXFileReference; lastKnownFileType = sourcecode.swift; path = MonInscriptionBenevole.swift; sourceTree = "<group>"; };
		B7D934642BACB74600BA5180 /* Festival.swift */ = {isa = PBXFileReference; lastKnownFileType = sourcecode.swift; path = Festival.swift; sourceTree = "<group>"; };
		B7DD50052BB0BA58006B5294 /* Binding.swift */ = {isa = PBXFileReference; lastKnownFileType = sourcecode.swift; path = Binding.swift; sourceTree = "<group>"; };
		B7E2AFDE2BAF5CB200B37823 /* CreneauHoraireState.swift */ = {isa = PBXFileReference; lastKnownFileType = sourcecode.swift; path = CreneauHoraireState.swift; sourceTree = "<group>"; };
		B7E2AFE02BAF5CD100B37823 /* CreneauHoraireService.swift */ = {isa = PBXFileReference; lastKnownFileType = sourcecode.swift; path = CreneauHoraireService.swift; sourceTree = "<group>"; };
		B7E2AFE22BAF5D0500B37823 /* CreneauHoraireView.swift */ = {isa = PBXFileReference; lastKnownFileType = sourcecode.swift; path = CreneauHoraireView.swift; sourceTree = "<group>"; };
		B7E2AFE42BAF6AEC00B37823 /* PlanningViewModel.swift */ = {isa = PBXFileReference; lastKnownFileType = sourcecode.swift; path = PlanningViewModel.swift; sourceTree = "<group>"; };
		B7E2AFE62BAF6B3E00B37823 /* PlanningState.swift */ = {isa = PBXFileReference; lastKnownFileType = sourcecode.swift; path = PlanningState.swift; sourceTree = "<group>"; };
		B7E2AFE82BAF6C2500B37823 /* Poste.swift */ = {isa = PBXFileReference; lastKnownFileType = sourcecode.swift; path = Poste.swift; sourceTree = "<group>"; };
		B7E2AFEA2BAF6CC100B37823 /* InscriptionBenevole.swift */ = {isa = PBXFileReference; lastKnownFileType = sourcecode.swift; path = InscriptionBenevole.swift; sourceTree = "<group>"; };
		B7E2AFEC2BAF6D4F00B37823 /* CreneauHoraire.swift */ = {isa = PBXFileReference; lastKnownFileType = sourcecode.swift; path = CreneauHoraire.swift; sourceTree = "<group>"; };
/* End PBXFileReference section */

/* Begin PBXFrameworksBuildPhase section */
		B73D8D182BA4BC10000CADC6 /* Frameworks */ = {
			isa = PBXFrameworksBuildPhase;
			buildActionMask = 2147483647;
			files = (
			);
			runOnlyForDeploymentPostprocessing = 0;
		};
/* End PBXFrameworksBuildPhase section */

/* Begin PBXGroup section */
		B70107962BADC2CE006A07A6 /* FestivalMVI */ = {
			isa = PBXGroup;
			children = (
				B70107972BADC2F2006A07A6 /* FestivalViewModel.swift */,
				B70107992BADC306006A07A6 /* FestivalState.swift */,
			);
			path = FestivalMVI;
			sourceTree = "<group>";
		};
		B719CA292BAA3BB10050F196 /* Home */ = {
			isa = PBXGroup;
			children = (
				B719CA2A2BAA3BDD0050F196 /* HomeView.swift */,
			);
			path = Home;
			sourceTree = "<group>";
		};
		B73D8D122BA4BC10000CADC6 = {
			isa = PBXGroup;
			children = (
				B73D8DD02BA4CBE9000CADC6 /* ig4_awi_mobile_app */,
				B73D8D3F2BA4C09B000CADC6 /* LICENSE */,
				B73D8D2C2BA4C09B000CADC6 /* README.md */,
				B73D8D1C2BA4BC10000CADC6 /* Products */,
			);
			sourceTree = "<group>";
		};
		B73D8D1C2BA4BC10000CADC6 /* Products */ = {
			isa = PBXGroup;
			children = (
				B73D8D1B2BA4BC10000CADC6 /* test.app */,
			);
			name = Products;
			sourceTree = "<group>";
		};
		B73D8DC12BA4CBE9000CADC6 /* HoraireVVM */ = {
			isa = PBXGroup;
			children = (
				B73D8DBF2BA4CBE9000CADC6 /* HoraireView.swift */,
				B73D8DC02BA4CBE9000CADC6 /* HoraireViewModel.swift */,
			);
			path = HoraireVVM;
			sourceTree = "<group>";
		};
		B73D8DC52BA4CBE9000CADC6 /* LoginMVI */ = {
			isa = PBXGroup;
			children = (
				B73D8DC22BA4CBE9000CADC6 /* LoginState.swift */,
				B73D8DC32BA4CBE9000CADC6 /* LoginView.swift */,
				B73D8DC42BA4CBE9000CADC6 /* LoginViewModel.swift */,
			);
			path = LoginMVI;
			sourceTree = "<group>";
		};
		B73D8DC72BA4CBE9000CADC6 /* Preview Content */ = {
			isa = PBXGroup;
			children = (
				B73D8DC62BA4CBE9000CADC6 /* Preview Assets.xcassets */,
			);
			path = "Preview Content";
			sourceTree = "<group>";
		};
		B73D8DCA2BA4CBE9000CADC6 /* Resources */ = {
			isa = PBXGroup;
			children = (
				B77E8A2A2BAB48E500180487 /* accueil.png */,
				B77E8A292BAB48E500180487 /* planning.png */,
				B77E8A2B2BAB48E500180487 /* user.png */,
				B7AFC4302BA5F2FD0012F37B /* logo_vectorise.jpg */,
				B73D8DC92BA4CBE9000CADC6 /* logoFdJ.jpg */,
			);
			path = Resources;
			sourceTree = "<group>";
		};
		B73D8DD02BA4CBE9000CADC6 /* ig4_awi_mobile_app */ = {
			isa = PBXGroup;
			children = (
				B70107962BADC2CE006A07A6 /* FestivalMVI */,
				B7800CE92BAC408A00EF103C /* FestivalRegisterMVI */,
				B77E8A322BAB97AF00180487 /* Navbar */,
				B77E8A2F2BAB965200180487 /* PlanningMVI */,
				B719CA292BAA3BB10050F196 /* Home */,
				B77F75B42BA74D7B00F45B32 /* SignUpMVI */,
				B77F75B12BA74AD700F45B32 /* Interfaces */,
				B73D8DC12BA4CBE9000CADC6 /* HoraireVVM */,
				B73D8DC52BA4CBE9000CADC6 /* LoginMVI */,
				B73D8DC72BA4CBE9000CADC6 /* Preview Content */,
				B73D8DCA2BA4CBE9000CADC6 /* Resources */,
				B73D8DCB2BA4CBE9000CADC6 /* Assets.xcassets */,
				B73D8DCD2BA4CBE9000CADC6 /* ig4_awi_mobile_appApp.swift */,
				B73D8DCE2BA4CBE9000CADC6 /* JSONHelper.swift */,
				B73D8DCF2BA4CBE9000CADC6 /* Router.swift */,
				B7DD50052BB0BA58006B5294 /* Binding.swift */,
			);
			path = ig4_awi_mobile_app;
			sourceTree = "<group>";
		};
		B77E8A2F2BAB965200180487 /* PlanningMVI */ = {
			isa = PBXGroup;
			children = (
				B77E8A302BAB966C00180487 /* PlanningView.swift */,
				B7E2AFDE2BAF5CB200B37823 /* CreneauHoraireState.swift */,
				B7E2AFE02BAF5CD100B37823 /* CreneauHoraireService.swift */,
				B7E2AFE22BAF5D0500B37823 /* CreneauHoraireView.swift */,
				B7E2AFE42BAF6AEC00B37823 /* PlanningViewModel.swift */,
				B7E2AFE62BAF6B3E00B37823 /* PlanningState.swift */,
			);
			path = PlanningMVI;
			sourceTree = "<group>";
		};
		B77E8A322BAB97AF00180487 /* Navbar */ = {
			isa = PBXGroup;
			children = (
				B77E8A332BAB97BF00180487 /* Navbar.swift */,
			);
			path = Navbar;
			sourceTree = "<group>";
		};
		B77F75B12BA74AD700F45B32 /* Interfaces */ = {
			isa = PBXGroup;
			children = (
				B77F75B22BA74B9000F45B32 /* Benevole.swift */,
				B7D934642BACB74600BA5180 /* Festival.swift */,
				B70107942BADC04B006A07A6 /* FestivalBenevole.swift */,
				B7E2AFE82BAF6C2500B37823 /* Poste.swift */,
				B7E2AFEA2BAF6CC100B37823 /* InscriptionBenevole.swift */,
				B7E2AFEC2BAF6D4F00B37823 /* CreneauHoraire.swift */,
				B7CD02D82BB04F2B00C63738 /* InscriptionBenevoleCount.swift */,
				B7CD02DA2BB092DE00C63738 /* MonInscriptionBenevole.swift */,
			);
			path = Interfaces;
			sourceTree = "<group>";
		};
		B77F75B42BA74D7B00F45B32 /* SignUpMVI */ = {
			isa = PBXGroup;
			children = (
				B77F75B52BA74D9A00F45B32 /* SignupView.swift */,
				B719CA252BA89D650050F196 /* SignupViewModel.swift */,
				B719CA272BA89E3C0050F196 /* SignupState.swift */,
			);
			path = SignUpMVI;
			sourceTree = "<group>";
		};
		B7800CE92BAC408A00EF103C /* FestivalRegisterMVI */ = {
			isa = PBXGroup;
			children = (
				B7800CEA2BAC412300EF103C /* FestivalRegisterView.swift */,
				B7800CEC2BAC43DB00EF103C /* FestivalRegisterState.swift */,
				B7800CEE2BAC43ED00EF103C /* FestivalRegisterViewModel.swift */,
			);
			path = FestivalRegisterMVI;
			sourceTree = "<group>";
		};
/* End PBXGroup section */

/* Begin PBXNativeTarget section */
		B73D8D1A2BA4BC10000CADC6 /* test */ = {
			isa = PBXNativeTarget;
			buildConfigurationList = B73D8D292BA4BC11000CADC6 /* Build configuration list for PBXNativeTarget "test" */;
			buildPhases = (
				B73D8D172BA4BC10000CADC6 /* Sources */,
				B73D8D182BA4BC10000CADC6 /* Frameworks */,
				B73D8D192BA4BC10000CADC6 /* Resources */,
			);
			buildRules = (
			);
			dependencies = (
			);
			name = test;
			productName = test;
			productReference = B73D8D1B2BA4BC10000CADC6 /* test.app */;
			productType = "com.apple.product-type.application";
		};
/* End PBXNativeTarget section */

/* Begin PBXProject section */
		B73D8D132BA4BC10000CADC6 /* Project object */ = {
			isa = PBXProject;
			attributes = {
				BuildIndependentTargetsInParallel = 1;
				LastSwiftUpdateCheck = 1530;
				LastUpgradeCheck = 1530;
				TargetAttributes = {
					B73D8D1A2BA4BC10000CADC6 = {
						CreatedOnToolsVersion = 15.3;
					};
				};
			};
			buildConfigurationList = B73D8D162BA4BC10000CADC6 /* Build configuration list for PBXProject "ig4_awi_mobile_app" */;
			compatibilityVersion = "Xcode 14.0";
			developmentRegion = en;
			hasScannedForEncodings = 0;
			knownRegions = (
				en,
				Base,
			);
			mainGroup = B73D8D122BA4BC10000CADC6;
			productRefGroup = B73D8D1C2BA4BC10000CADC6 /* Products */;
			projectDirPath = "";
			projectRoot = "";
			targets = (
				B73D8D1A2BA4BC10000CADC6 /* test */,
			);
		};
/* End PBXProject section */

/* Begin PBXResourcesBuildPhase section */
		B73D8D192BA4BC10000CADC6 /* Resources */ = {
			isa = PBXResourcesBuildPhase;
			buildActionMask = 2147483647;
			files = (
				B73D8D4E2BA4C09B000CADC6 /* LICENSE in Resources */,
				B73D8DD82BA4CBEA000CADC6 /* logoFdJ.jpg in Resources */,
				B77E8A2E2BAB48E500180487 /* user.png in Resources */,
				B73D8DD62BA4CBEA000CADC6 /* Preview Assets.xcassets in Resources */,
				B7AFC4312BA5F2FD0012F37B /* logo_vectorise.jpg in Resources */,
				B77E8A2D2BAB48E500180487 /* accueil.png in Resources */,
				B73D8DD92BA4CBEA000CADC6 /* Assets.xcassets in Resources */,
				B77E8A2C2BAB48E500180487 /* planning.png in Resources */,
				B73D8D402BA4C09B000CADC6 /* README.md in Resources */,
			);
			runOnlyForDeploymentPostprocessing = 0;
		};
/* End PBXResourcesBuildPhase section */

/* Begin PBXSourcesBuildPhase section */
		B73D8D172BA4BC10000CADC6 /* Sources */ = {
			isa = PBXSourcesBuildPhase;
			buildActionMask = 2147483647;
			files = (
				B73D8DD12BA4CBE9000CADC6 /* HoraireView.swift in Sources */,
				B7800CEF2BAC43ED00EF103C /* FestivalRegisterViewModel.swift in Sources */,
				B719CA2B2BAA3BDD0050F196 /* HomeView.swift in Sources */,
				B7CD02DB2BB092DE00C63738 /* MonInscriptionBenevole.swift in Sources */,
				B70107952BADC04B006A07A6 /* FestivalBenevole.swift in Sources */,
				B73D8DD32BA4CBEA000CADC6 /* LoginState.swift in Sources */,
				B7E2AFE52BAF6AEC00B37823 /* PlanningViewModel.swift in Sources */,
				B7800CEB2BAC412300EF103C /* FestivalRegisterView.swift in Sources */,
				B77E8A342BAB97BF00180487 /* Navbar.swift in Sources */,
				B73D8DD42BA4CBEA000CADC6 /* LoginView.swift in Sources */,
				B73D8DDD2BA4CBEA000CADC6 /* Router.swift in Sources */,
				B7E2AFE32BAF5D0500B37823 /* CreneauHoraireView.swift in Sources */,
				B70107982BADC2F2006A07A6 /* FestivalViewModel.swift in Sources */,
				B77E8A312BAB966C00180487 /* PlanningView.swift in Sources */,
				B701079A2BADC306006A07A6 /* FestivalState.swift in Sources */,
				B7E2AFE72BAF6B3E00B37823 /* PlanningState.swift in Sources */,
				B7E2AFE12BAF5CD100B37823 /* CreneauHoraireService.swift in Sources */,
				B73D8DDB2BA4CBEA000CADC6 /* ig4_awi_mobile_appApp.swift in Sources */,
				B719CA262BA89D650050F196 /* SignupViewModel.swift in Sources */,
				B73D8DDC2BA4CBEA000CADC6 /* JSONHelper.swift in Sources */,
				B7D934652BACB74600BA5180 /* Festival.swift in Sources */,
				B7800CED2BAC43DB00EF103C /* FestivalRegisterState.swift in Sources */,
				B73D8DD52BA4CBEA000CADC6 /* LoginViewModel.swift in Sources */,
				B73D8DD22BA4CBE9000CADC6 /* HoraireViewModel.swift in Sources */,
				B7E2AFDF2BAF5CB200B37823 /* CreneauHoraireState.swift in Sources */,
				B7DD50062BB0BA58006B5294 /* Binding.swift in Sources */,
				B7CD02D92BB04F2B00C63738 /* InscriptionBenevoleCount.swift in Sources */,
				B77F75B62BA74D9A00F45B32 /* SignupView.swift in Sources */,
				B7E2AFEB2BAF6CC100B37823 /* InscriptionBenevole.swift in Sources */,
				B7E2AFED2BAF6D4F00B37823 /* CreneauHoraire.swift in Sources */,
				B77F75B32BA74B9000F45B32 /* Benevole.swift in Sources */,
				B719CA282BA89E3C0050F196 /* SignupState.swift in Sources */,
				B7E2AFE92BAF6C2500B37823 /* Poste.swift in Sources */,
			);
			runOnlyForDeploymentPostprocessing = 0;
		};
/* End PBXSourcesBuildPhase section */

/* Begin XCBuildConfiguration section */
		B73D8D272BA4BC11000CADC6 /* Debug */ = {
			isa = XCBuildConfiguration;
			buildSettings = {
				ALWAYS_SEARCH_USER_PATHS = NO;
				ASSETCATALOG_COMPILER_GENERATE_SWIFT_ASSET_SYMBOL_EXTENSIONS = YES;
				CLANG_ANALYZER_NONNULL = YES;
				CLANG_ANALYZER_NUMBER_OBJECT_CONVERSION = YES_AGGRESSIVE;
				CLANG_CXX_LANGUAGE_STANDARD = "gnu++20";
				CLANG_ENABLE_MODULES = YES;
				CLANG_ENABLE_OBJC_ARC = YES;
				CLANG_ENABLE_OBJC_WEAK = YES;
				CLANG_WARN_BLOCK_CAPTURE_AUTORELEASING = YES;
				CLANG_WARN_BOOL_CONVERSION = YES;
				CLANG_WARN_COMMA = YES;
				CLANG_WARN_CONSTANT_CONVERSION = YES;
				CLANG_WARN_DEPRECATED_OBJC_IMPLEMENTATIONS = YES;
				CLANG_WARN_DIRECT_OBJC_ISA_USAGE = YES_ERROR;
				CLANG_WARN_DOCUMENTATION_COMMENTS = YES;
				CLANG_WARN_EMPTY_BODY = YES;
				CLANG_WARN_ENUM_CONVERSION = YES;
				CLANG_WARN_INFINITE_RECURSION = YES;
				CLANG_WARN_INT_CONVERSION = YES;
				CLANG_WARN_NON_LITERAL_NULL_CONVERSION = YES;
				CLANG_WARN_OBJC_IMPLICIT_RETAIN_SELF = YES;
				CLANG_WARN_OBJC_LITERAL_CONVERSION = YES;
				CLANG_WARN_OBJC_ROOT_CLASS = YES_ERROR;
				CLANG_WARN_QUOTED_INCLUDE_IN_FRAMEWORK_HEADER = YES;
				CLANG_WARN_RANGE_LOOP_ANALYSIS = YES;
				CLANG_WARN_STRICT_PROTOTYPES = YES;
				CLANG_WARN_SUSPICIOUS_MOVE = YES;
				CLANG_WARN_UNGUARDED_AVAILABILITY = YES_AGGRESSIVE;
				CLANG_WARN_UNREACHABLE_CODE = YES;
				CLANG_WARN__DUPLICATE_METHOD_MATCH = YES;
				COPY_PHASE_STRIP = NO;
				DEBUG_INFORMATION_FORMAT = dwarf;
				ENABLE_STRICT_OBJC_MSGSEND = YES;
				ENABLE_TESTABILITY = YES;
				ENABLE_USER_SCRIPT_SANDBOXING = YES;
				GCC_C_LANGUAGE_STANDARD = gnu17;
				GCC_DYNAMIC_NO_PIC = NO;
				GCC_NO_COMMON_BLOCKS = YES;
				GCC_OPTIMIZATION_LEVEL = 0;
				GCC_PREPROCESSOR_DEFINITIONS = (
					"DEBUG=1",
					"$(inherited)",
				);
				GCC_WARN_64_TO_32_BIT_CONVERSION = YES;
				GCC_WARN_ABOUT_RETURN_TYPE = YES_ERROR;
				GCC_WARN_UNDECLARED_SELECTOR = YES;
				GCC_WARN_UNINITIALIZED_AUTOS = YES_AGGRESSIVE;
				GCC_WARN_UNUSED_FUNCTION = YES;
				GCC_WARN_UNUSED_VARIABLE = YES;
				IPHONEOS_DEPLOYMENT_TARGET = 17.4;
				LOCALIZATION_PREFERS_STRING_CATALOGS = YES;
				MTL_ENABLE_DEBUG_INFO = INCLUDE_SOURCE;
				MTL_FAST_MATH = YES;
				ONLY_ACTIVE_ARCH = YES;
				SDKROOT = iphoneos;
				SWIFT_ACTIVE_COMPILATION_CONDITIONS = "DEBUG $(inherited)";
				SWIFT_OPTIMIZATION_LEVEL = "-Onone";
			};
			name = Debug;
		};
		B73D8D282BA4BC11000CADC6 /* Release */ = {
			isa = XCBuildConfiguration;
			buildSettings = {
				ALWAYS_SEARCH_USER_PATHS = NO;
				ASSETCATALOG_COMPILER_GENERATE_SWIFT_ASSET_SYMBOL_EXTENSIONS = YES;
				CLANG_ANALYZER_NONNULL = YES;
				CLANG_ANALYZER_NUMBER_OBJECT_CONVERSION = YES_AGGRESSIVE;
				CLANG_CXX_LANGUAGE_STANDARD = "gnu++20";
				CLANG_ENABLE_MODULES = YES;
				CLANG_ENABLE_OBJC_ARC = YES;
				CLANG_ENABLE_OBJC_WEAK = YES;
				CLANG_WARN_BLOCK_CAPTURE_AUTORELEASING = YES;
				CLANG_WARN_BOOL_CONVERSION = YES;
				CLANG_WARN_COMMA = YES;
				CLANG_WARN_CONSTANT_CONVERSION = YES;
				CLANG_WARN_DEPRECATED_OBJC_IMPLEMENTATIONS = YES;
				CLANG_WARN_DIRECT_OBJC_ISA_USAGE = YES_ERROR;
				CLANG_WARN_DOCUMENTATION_COMMENTS = YES;
				CLANG_WARN_EMPTY_BODY = YES;
				CLANG_WARN_ENUM_CONVERSION = YES;
				CLANG_WARN_INFINITE_RECURSION = YES;
				CLANG_WARN_INT_CONVERSION = YES;
				CLANG_WARN_NON_LITERAL_NULL_CONVERSION = YES;
				CLANG_WARN_OBJC_IMPLICIT_RETAIN_SELF = YES;
				CLANG_WARN_OBJC_LITERAL_CONVERSION = YES;
				CLANG_WARN_OBJC_ROOT_CLASS = YES_ERROR;
				CLANG_WARN_QUOTED_INCLUDE_IN_FRAMEWORK_HEADER = YES;
				CLANG_WARN_RANGE_LOOP_ANALYSIS = YES;
				CLANG_WARN_STRICT_PROTOTYPES = YES;
				CLANG_WARN_SUSPICIOUS_MOVE = YES;
				CLANG_WARN_UNGUARDED_AVAILABILITY = YES_AGGRESSIVE;
				CLANG_WARN_UNREACHABLE_CODE = YES;
				CLANG_WARN__DUPLICATE_METHOD_MATCH = YES;
				COPY_PHASE_STRIP = NO;
				DEBUG_INFORMATION_FORMAT = "dwarf-with-dsym";
				ENABLE_NS_ASSERTIONS = NO;
				ENABLE_STRICT_OBJC_MSGSEND = YES;
				ENABLE_USER_SCRIPT_SANDBOXING = YES;
				GCC_C_LANGUAGE_STANDARD = gnu17;
				GCC_NO_COMMON_BLOCKS = YES;
				GCC_WARN_64_TO_32_BIT_CONVERSION = YES;
				GCC_WARN_ABOUT_RETURN_TYPE = YES_ERROR;
				GCC_WARN_UNDECLARED_SELECTOR = YES;
				GCC_WARN_UNINITIALIZED_AUTOS = YES_AGGRESSIVE;
				GCC_WARN_UNUSED_FUNCTION = YES;
				GCC_WARN_UNUSED_VARIABLE = YES;
				IPHONEOS_DEPLOYMENT_TARGET = 17.4;
				LOCALIZATION_PREFERS_STRING_CATALOGS = YES;
				MTL_ENABLE_DEBUG_INFO = NO;
				MTL_FAST_MATH = YES;
				SDKROOT = iphoneos;
				SWIFT_COMPILATION_MODE = wholemodule;
				VALIDATE_PRODUCT = YES;
			};
			name = Release;
		};
		B73D8D2A2BA4BC11000CADC6 /* Debug */ = {
			isa = XCBuildConfiguration;
			buildSettings = {
				ASSETCATALOG_COMPILER_APPICON_NAME = AppIcon;
				ASSETCATALOG_COMPILER_GLOBAL_ACCENT_COLOR_NAME = AccentColor;
				CODE_SIGN_STYLE = Automatic;
				CURRENT_PROJECT_VERSION = 1;
				DEVELOPMENT_ASSET_PATHS = "\"ig4_awi_mobile_app/Preview Content\"";
				ENABLE_PREVIEWS = YES;
				GENERATE_INFOPLIST_FILE = YES;
				INFOPLIST_KEY_UIApplicationSceneManifest_Generation = YES;
				INFOPLIST_KEY_UIApplicationSupportsIndirectInputEvents = YES;
				INFOPLIST_KEY_UILaunchScreen_Generation = YES;
				INFOPLIST_KEY_UISupportedInterfaceOrientations_iPad = "UIInterfaceOrientationPortrait UIInterfaceOrientationPortraitUpsideDown UIInterfaceOrientationLandscapeLeft UIInterfaceOrientationLandscapeRight";
				INFOPLIST_KEY_UISupportedInterfaceOrientations_iPhone = "UIInterfaceOrientationPortrait UIInterfaceOrientationLandscapeLeft UIInterfaceOrientationLandscapeRight";
				LD_RUNPATH_SEARCH_PATHS = (
					"$(inherited)",
					"@executable_path/Frameworks",
				);
				MARKETING_VERSION = 1.0;
				PRODUCT_BUNDLE_IDENTIFIER = robin.test;
				PRODUCT_NAME = "$(TARGET_NAME)";
				SWIFT_EMIT_LOC_STRINGS = YES;
				SWIFT_VERSION = 5.0;
				TARGETED_DEVICE_FAMILY = "1,2";
			};
			name = Debug;
		};
		B73D8D2B2BA4BC11000CADC6 /* Release */ = {
			isa = XCBuildConfiguration;
			buildSettings = {
				ASSETCATALOG_COMPILER_APPICON_NAME = AppIcon;
				ASSETCATALOG_COMPILER_GLOBAL_ACCENT_COLOR_NAME = AccentColor;
				CODE_SIGN_STYLE = Automatic;
				CURRENT_PROJECT_VERSION = 1;
				DEVELOPMENT_ASSET_PATHS = "\"ig4_awi_mobile_app/Preview Content\"";
				ENABLE_PREVIEWS = YES;
				GENERATE_INFOPLIST_FILE = YES;
				INFOPLIST_KEY_UIApplicationSceneManifest_Generation = YES;
				INFOPLIST_KEY_UIApplicationSupportsIndirectInputEvents = YES;
				INFOPLIST_KEY_UILaunchScreen_Generation = YES;
				INFOPLIST_KEY_UISupportedInterfaceOrientations_iPad = "UIInterfaceOrientationPortrait UIInterfaceOrientationPortraitUpsideDown UIInterfaceOrientationLandscapeLeft UIInterfaceOrientationLandscapeRight";
				INFOPLIST_KEY_UISupportedInterfaceOrientations_iPhone = "UIInterfaceOrientationPortrait UIInterfaceOrientationLandscapeLeft UIInterfaceOrientationLandscapeRight";
				LD_RUNPATH_SEARCH_PATHS = (
					"$(inherited)",
					"@executable_path/Frameworks",
				);
				MARKETING_VERSION = 1.0;
				PRODUCT_BUNDLE_IDENTIFIER = robin.test;
				PRODUCT_NAME = "$(TARGET_NAME)";
				SWIFT_EMIT_LOC_STRINGS = YES;
				SWIFT_VERSION = 5.0;
				TARGETED_DEVICE_FAMILY = "1,2";
			};
			name = Release;
		};
/* End XCBuildConfiguration section */

/* Begin XCConfigurationList section */
		B73D8D162BA4BC10000CADC6 /* Build configuration list for PBXProject "ig4_awi_mobile_app" */ = {
			isa = XCConfigurationList;
			buildConfigurations = (
				B73D8D272BA4BC11000CADC6 /* Debug */,
				B73D8D282BA4BC11000CADC6 /* Release */,
			);
			defaultConfigurationIsVisible = 0;
			defaultConfigurationName = Release;
		};
		B73D8D292BA4BC11000CADC6 /* Build configuration list for PBXNativeTarget "test" */ = {
			isa = XCConfigurationList;
			buildConfigurations = (
				B73D8D2A2BA4BC11000CADC6 /* Debug */,
				B73D8D2B2BA4BC11000CADC6 /* Release */,
			);
			defaultConfigurationIsVisible = 0;
			defaultConfigurationName = Release;
		};
/* End XCConfigurationList section */
	};
	rootObject = B73D8D132BA4BC10000CADC6 /* Project object */;
}
